
Microsoft Visual Studio Solution File, Format Version 12.00
# Visual Studio 15
VisualStudioVersion = 15.0.28307.168
MinimumVisualStudioVersion = 10.0.40219.1
Project("{9A19103F-16F7-4668-BE54-9A1E7A4F7556}") = "CUSTOR.OTRLS.API", "CUSTOR.OTRLS.WebAPI\CUSTOR.OTRLS.API.csproj", "{DE17CD1E-EB11-428E-9B5D-7E0FB9F73240}"
EndProject
Project("{9A19103F-16F7-4668-BE54-9A1E7A4F7556}") = "CUSTOR.OTRLS.Core", "CUSTOR.OTRLS.DAL\CUSTOR.OTRLS.Core.csproj", "{7C5CE18E-C42E-47B7-9C25-4F9FC6D9EBF3}"
EndProject
Global
	GlobalSection(SolutionConfigurationPlatforms) = preSolution
		Debug|Any CPU = Debug|Any CPU
		Release|Any CPU = Release|Any CPU
	EndGlobalSection
	GlobalSection(ProjectConfigurationPlatforms) = postSolution
		{DE17CD1E-EB11-428E-9B5D-7E0FB9F73240}.Debug|Any CPU.ActiveCfg = Debug|Any CPU
		{DE17CD1E-EB11-428E-9B5D-7E0FB9F73240}.Debug|Any CPU.Build.0 = Debug|Any CPU
		{DE17CD1E-EB11-428E-9B5D-7E0FB9F73240}.Release|Any CPU.ActiveCfg = Release|Any CPU
		{DE17CD1E-EB11-428E-9B5D-7E0FB9F73240}.Release|Any CPU.Build.0 = Release|Any CPU
		{7C5CE18E-C42E-47B7-9C25-4F9FC6D9EBF3}.Debug|Any CPU.ActiveCfg = Debug|Any CPU
		{7C5CE18E-C42E-47B7-9C25-4F9FC6D9EBF3}.Debug|Any CPU.Build.0 = Debug|Any CPU
		{7C5CE18E-C42E-47B7-9C25-4F9FC6D9EBF3}.Release|Any CPU.ActiveCfg = Release|Any CPU
		{7C5CE18E-C42E-47B7-9C25-4F9FC6D9EBF3}.Release|Any CPU.Build.0 = Release|Any CPU
	EndGlobalSection
	GlobalSection(SolutionProperties) = preSolution
		HideSolutionNode = FALSE
	EndGlobalSection
	GlobalSection(ExtensibilityGlobals) = postSolution
		SolutionGuid = {C9442DE8-824B-4082-ADCD-99432A8944F0}
	EndGlobalSection
EndGlobal
